<?xml version="1.0" encoding="utf-8"?>
<Project ToolsVersion="4.0" xmlns="http://schemas.microsoft.com/developer/msbuild/2003">
  <ItemGroup>
    <Filter Include="app">
      <UniqueIdentifier>{e00ba497-5154-441e-88b7-51b5d1adb81e}</UniqueIdentifier>
    </Filter>
    <Filter Include="imgui">
      <UniqueIdentifier>{671edb9e-598b-48e6-a685-81d4001acfad}</UniqueIdentifier>
    </Filter>
  </ItemGroup>
  <ItemGroup>
    <ClCompile Include="application.cpp">
      <Filter>app</Filter>
    </ClCompile>
    <ClCompile Include="assert.cpp">
      <Filter>app</Filter>
    </ClCompile>
    <ClCompile Include="main.cpp">
      <Filter>app</Filter>
    </ClCompile>
    <ClCompile Include="..\include\imgui\imgui.cpp">
      <Filter>imgui</Filter>
    </ClCompile>
    <ClCompile Include="..\include\imgui\imgui_draw.cpp">
      <Filter>imgui</Filter>
    </ClCompile>
    <ClCompile Include="..\include\imgui\imgui_tables.cpp">
      <Filter>imgui</Filter>
    </ClCompile>
    <ClCompile Include="..\include\imgui\imgui_widgets.cpp">
      <Filter>imgui</Filter>
    </ClCompile>
    <ClCompile Include="..\include\imgui\backends\imgui_impl_glfw.cpp">
      <Filter>imgui</Filter>
    </ClCompile>
    <ClCompile Include="..\include\imgui\backends\imgui_impl_opengl3.cpp">
      <Filter>imgui</Filter>
    </ClCompile>
  </ItemGroup>
  <ItemGroup>
    <ClInclude Include="application.hpp">
      <Filter>app</Filter>
    </ClInclude>
    <ClInclude Include="assert.hpp">
      <Filter>app</Filter>
    </ClInclude>
    <ClInclude Include="..\include\imgui\imconfig.h">
      <Filter>imgui</Filter>
    </ClInclude>
    <ClInclude Include="..\include\imgui\imgui.h">
      <Filter>imgui</Filter>
    </ClInclude>
    <ClInclude Include="..\include\imgui\imgui_internal.h">
      <Filter>imgui</Filter>
    </ClInclude>
    <ClInclude Include="..\include\imgui\backends\imgui_impl_glfw.h">
      <Filter>imgui</Filter>
    </ClInclude>
    <ClInclude Include="..\include\imgui\backends\imgui_impl_opengl3.h">
      <Filter>imgui</Filter>
    </ClInclude>
    <ClInclude Include="..\include\imgui\backends\imgui_impl_opengl3_loader.h">
      <Filter>imgui</Filter>
    </ClInclude>
  </ItemGroup>
</Project>